{
  "pins" : [
    {
      "identity" : "netswiftly",
      "kind" : "remoteSourceControl",
      "location" : "https://github.com/WhereIsPumpkin/NetSwiftly",
      "state" : {
        "branch" : "main",
        "revision" : "78be13fca97a911437134517cb474090388e3e61"
      }
    }
  ],
  "version" : 2
}
