// !$*UTF8*$!
{
	archiveVersion = 1;
	classes = {
	};
	objectVersion = 56;
	objects = {

/* Begin PBXBuildFile section */
		751131AD2B88056F005062B6 /* UIViewController + Extensions.swift in Sources */ = {isa = PBXBuildFile; fileRef = 751131AC2B88056F005062B6 /* UIViewController + Extensions.swift */; };
		757D0D722B8BD87600DCDAA2 /* EmptyStateView.swift in Sources */ = {isa = PBXBuildFile; fileRef = 757D0D712B8BD87600DCDAA2 /* EmptyStateView.swift */; };
		758EAABA2B83DA1A00EEE199 /* AppDelegate.swift in Sources */ = {isa = PBXBuildFile; fileRef = 758EAAB92B83DA1A00EEE199 /* AppDelegate.swift */; };
		758EAABC2B83DA1A00EEE199 /* SceneDelegate.swift in Sources */ = {isa = PBXBuildFile; fileRef = 758EAABB2B83DA1A00EEE199 /* SceneDelegate.swift */; };
		758EAABE2B83DA1A00EEE199 /* TaskListViewController.swift in Sources */ = {isa = PBXBuildFile; fileRef = 758EAABD2B83DA1A00EEE199 /* TaskListViewController.swift */; };
		758EAAC32B83DA1B00EEE199 /* Assets.xcassets in Resources */ = {isa = PBXBuildFile; fileRef = 758EAAC22B83DA1B00EEE199 /* Assets.xcassets */; };
		758EAAD32B83DBC700EEE199 /* TaskViewModel.swift in Sources */ = {isa = PBXBuildFile; fileRef = 758EAAD22B83DBC700EEE199 /* TaskViewModel.swift */; };
		758EAAD52B83DBD300EEE199 /* TaskNetworkManager.swift in Sources */ = {isa = PBXBuildFile; fileRef = 758EAAD42B83DBD300EEE199 /* TaskNetworkManager.swift */; };
		758EAAD72B8401E600EEE199 /* UITextField+Extensions.swift in Sources */ = {isa = PBXBuildFile; fileRef = 758EAAD62B8401E600EEE199 /* UITextField+Extensions.swift */; };
		758EAAD92B84085900EEE199 /* TaskInputTextField.swift in Sources */ = {isa = PBXBuildFile; fileRef = 758EAAD82B84085900EEE199 /* TaskInputTextField.swift */; };
		758EAAE02B85DC5600EEE199 /* TaskListTableViewCell.swift in Sources */ = {isa = PBXBuildFile; fileRef = 758EAADF2B85DC5600EEE199 /* TaskListTableViewCell.swift */; };
		758EAAE22B85E46F00EEE199 /* UIView+Extensions.swift in Sources */ = {isa = PBXBuildFile; fileRef = 758EAAE12B85E46F00EEE199 /* UIView+Extensions.swift */; };
		758EAAE42B863B4C00EEE199 /* TodoTask.swift in Sources */ = {isa = PBXBuildFile; fileRef = 758EAAE32B863B4C00EEE199 /* TodoTask.swift */; };
		758EAAE72B86574C00EEE199 /* TaskData.swift in Sources */ = {isa = PBXBuildFile; fileRef = 758EAAE62B86574C00EEE199 /* TaskData.swift */; };
		7596C4902B90C7AD0025A9A3 /* NetSwiftly in Frameworks */ = {isa = PBXBuildFile; productRef = 7596C48F2B90C7AD0025A9A3 /* NetSwiftly */; };
		75D921BA2B91E33E00ECA541 /* NetworkConfiguration.swift in Sources */ = {isa = PBXBuildFile; fileRef = 75D921B92B91E33E00ECA541 /* NetworkConfiguration.swift */; };
/* End PBXBuildFile section */

/* Begin PBXFileReference section */
		751131AC2B88056F005062B6 /* UIViewController + Extensions.swift */ = {isa = PBXFileReference; lastKnownFileType = sourcecode.swift; path = "UIViewController + Extensions.swift"; sourceTree = "<group>"; };
		757D0D712B8BD87600DCDAA2 /* EmptyStateView.swift */ = {isa = PBXFileReference; lastKnownFileType = sourcecode.swift; path = EmptyStateView.swift; sourceTree = "<group>"; };
		758EAAB62B83DA1A00EEE199 /* ToDo.app */ = {isa = PBXFileReference; explicitFileType = wrapper.application; includeInIndex = 0; path = ToDo.app; sourceTree = BUILT_PRODUCTS_DIR; };
		758EAAB92B83DA1A00EEE199 /* AppDelegate.swift */ = {isa = PBXFileReference; lastKnownFileType = sourcecode.swift; path = AppDelegate.swift; sourceTree = "<group>"; };
		758EAABB2B83DA1A00EEE199 /* SceneDelegate.swift */ = {isa = PBXFileReference; lastKnownFileType = sourcecode.swift; path = SceneDelegate.swift; sourceTree = "<group>"; };
		758EAABD2B83DA1A00EEE199 /* TaskListViewController.swift */ = {isa = PBXFileReference; lastKnownFileType = sourcecode.swift; path = TaskListViewController.swift; sourceTree = "<group>"; };
		758EAAC22B83DA1B00EEE199 /* Assets.xcassets */ = {isa = PBXFileReference; lastKnownFileType = folder.assetcatalog; path = Assets.xcassets; sourceTree = "<group>"; };
		758EAAC72B83DA1B00EEE199 /* Info.plist */ = {isa = PBXFileReference; lastKnownFileType = text.plist.xml; path = Info.plist; sourceTree = "<group>"; };
		758EAAD22B83DBC700EEE199 /* TaskViewModel.swift */ = {isa = PBXFileReference; lastKnownFileType = sourcecode.swift; path = TaskViewModel.swift; sourceTree = "<group>"; };
		758EAAD42B83DBD300EEE199 /* TaskNetworkManager.swift */ = {isa = PBXFileReference; lastKnownFileType = sourcecode.swift; path = TaskNetworkManager.swift; sourceTree = "<group>"; };
		758EAAD62B8401E600EEE199 /* UITextField+Extensions.swift */ = {isa = PBXFileReference; lastKnownFileType = sourcecode.swift; path = "UITextField+Extensions.swift"; sourceTree = "<group>"; };
		758EAAD82B84085900EEE199 /* TaskInputTextField.swift */ = {isa = PBXFileReference; lastKnownFileType = sourcecode.swift; path = TaskInputTextField.swift; sourceTree = "<group>"; };
		758EAADF2B85DC5600EEE199 /* TaskListTableViewCell.swift */ = {isa = PBXFileReference; lastKnownFileType = sourcecode.swift; path = TaskListTableViewCell.swift; sourceTree = "<group>"; };
		758EAAE12B85E46F00EEE199 /* UIView+Extensions.swift */ = {isa = PBXFileReference; lastKnownFileType = sourcecode.swift; path = "UIView+Extensions.swift"; sourceTree = "<group>"; };
		758EAAE32B863B4C00EEE199 /* TodoTask.swift */ = {isa = PBXFileReference; lastKnownFileType = sourcecode.swift; path = TodoTask.swift; sourceTree = "<group>"; };
		758EAAE62B86574C00EEE199 /* TaskData.swift */ = {isa = PBXFileReference; lastKnownFileType = sourcecode.swift; path = TaskData.swift; sourceTree = "<group>"; };
		75D921B92B91E33E00ECA541 /* NetworkConfiguration.swift */ = {isa = PBXFileReference; lastKnownFileType = sourcecode.swift; path = NetworkConfiguration.swift; sourceTree = "<group>"; };
/* End PBXFileReference section */

/* Begin PBXFrameworksBuildPhase section */
		758EAAB32B83DA1A00EEE199 /* Frameworks */ = {
			isa = PBXFrameworksBuildPhase;
			buildActionMask = 2147483647;
			files = (
				7596C4902B90C7AD0025A9A3 /* NetSwiftly in Frameworks */,
			);
			runOnlyForDeploymentPostprocessing = 0;
		};
/* End PBXFrameworksBuildPhase section */

/* Begin PBXGroup section */
		758EAAAD2B83DA1A00EEE199 = {
			isa = PBXGroup;
			children = (
				758EAAB82B83DA1A00EEE199 /* ToDo */,
				758EAAB72B83DA1A00EEE199 /* Products */,
			);
			sourceTree = "<group>";
		};
		758EAAB72B83DA1A00EEE199 /* Products */ = {
			isa = PBXGroup;
			children = (
				758EAAB62B83DA1A00EEE199 /* ToDo.app */,
			);
			name = Products;
			sourceTree = "<group>";
		};
		758EAAB82B83DA1A00EEE199 /* ToDo */ = {
			isa = PBXGroup;
			children = (
				758EAAD12B83DB9400EEE199 /* App */,
				758EAADA2B84F0B200EEE199 /* Screens */,
				758EAADB2B84F0C300EEE199 /* Networking */,
				758EAAE52B863B5100EEE199 /* Model */,
				758EAADC2B84F0D500EEE199 /* Custom Views */,
				758EAADD2B84F0DE00EEE199 /* Extensions */,
				758EAAC22B83DA1B00EEE199 /* Assets.xcassets */,
				758EAAC72B83DA1B00EEE199 /* Info.plist */,
			);
			path = ToDo;
			sourceTree = "<group>";
		};
		758EAAD12B83DB9400EEE199 /* App */ = {
			isa = PBXGroup;
			children = (
				758EAAB92B83DA1A00EEE199 /* AppDelegate.swift */,
				758EAABB2B83DA1A00EEE199 /* SceneDelegate.swift */,
			);
			path = App;
			sourceTree = "<group>";
		};
		758EAADA2B84F0B200EEE199 /* Screens */ = {
			isa = PBXGroup;
			children = (
				758EAABD2B83DA1A00EEE199 /* TaskListViewController.swift */,
				758EAAD22B83DBC700EEE199 /* TaskViewModel.swift */,
				758EAADE2B85DC3C00EEE199 /* Cell */,
			);
			path = Screens;
			sourceTree = "<group>";
		};
		758EAADB2B84F0C300EEE199 /* Networking */ = {
			isa = PBXGroup;
			children = (
				75D921B82B91E33300ECA541 /* Config */,
				758EAAD42B83DBD300EEE199 /* TaskNetworkManager.swift */,
			);
			path = Networking;
			sourceTree = "<group>";
		};
		758EAADC2B84F0D500EEE199 /* Custom Views */ = {
			isa = PBXGroup;
			children = (
				758EAAD82B84085900EEE199 /* TaskInputTextField.swift */,
				757D0D712B8BD87600DCDAA2 /* EmptyStateView.swift */,
			);
			path = "Custom Views";
			sourceTree = "<group>";
		};
		758EAADD2B84F0DE00EEE199 /* Extensions */ = {
			isa = PBXGroup;
			children = (
				758EAAD62B8401E600EEE199 /* UITextField+Extensions.swift */,
				758EAAE12B85E46F00EEE199 /* UIView+Extensions.swift */,
				751131AC2B88056F005062B6 /* UIViewController + Extensions.swift */,
			);
			path = Extensions;
			sourceTree = "<group>";
		};
		758EAADE2B85DC3C00EEE199 /* Cell */ = {
			isa = PBXGroup;
			children = (
				758EAADF2B85DC5600EEE199 /* TaskListTableViewCell.swift */,
			);
			path = Cell;
			sourceTree = "<group>";
		};
		758EAAE52B863B5100EEE199 /* Model */ = {
			isa = PBXGroup;
			children = (
				758EAAE32B863B4C00EEE199 /* TodoTask.swift */,
				758EAAE62B86574C00EEE199 /* TaskData.swift */,
			);
			path = Model;
			sourceTree = "<group>";
		};
		75D921B82B91E33300ECA541 /* Config */ = {
			isa = PBXGroup;
			children = (
				75D921B92B91E33E00ECA541 /* NetworkConfiguration.swift */,
			);
			path = Config;
			sourceTree = "<group>";
		};
/* End PBXGroup section */

/* Begin PBXNativeTarget section */
		758EAAB52B83DA1A00EEE199 /* ToDo */ = {
			isa = PBXNativeTarget;
			buildConfigurationList = 758EAACA2B83DA1B00EEE199 /* Build configuration list for PBXNativeTarget "ToDo" */;
			buildPhases = (
				758EAAB22B83DA1A00EEE199 /* Sources */,
				758EAAB32B83DA1A00EEE199 /* Frameworks */,
				758EAAB42B83DA1A00EEE199 /* Resources */,
			);
			buildRules = (
			);
			dependencies = (
			);
			name = ToDo;
			packageProductDependencies = (
				7596C48F2B90C7AD0025A9A3 /* NetSwiftly */,
			);
			productName = ToDo;
			productReference = 758EAAB62B83DA1A00EEE199 /* ToDo.app */;
			productType = "com.apple.product-type.application";
		};
/* End PBXNativeTarget section */

/* Begin PBXProject section */
		758EAAAE2B83DA1A00EEE199 /* Project object */ = {
			isa = PBXProject;
			attributes = {
				BuildIndependentTargetsInParallel = 1;
				LastSwiftUpdateCheck = 1510;
				LastUpgradeCheck = 1510;
				TargetAttributes = {
					758EAAB52B83DA1A00EEE199 = {
						CreatedOnToolsVersion = 15.1;
					};
				};
			};
			buildConfigurationList = 758EAAB12B83DA1A00EEE199 /* Build configuration list for PBXProject "ToDo" */;
			compatibilityVersion = "Xcode 14.0";
			developmentRegion = en;
			hasScannedForEncodings = 0;
			knownRegions = (
				en,
				Base,
			);
			mainGroup = 758EAAAD2B83DA1A00EEE199;
			packageReferences = (
				7596C48E2B90C7AD0025A9A3 /* XCRemoteSwiftPackageReference "NetSwiftly" */,
			);
			productRefGroup = 758EAAB72B83DA1A00EEE199 /* Products */;
			projectDirPath = "";
			projectRoot = "";
			targets = (
				758EAAB52B83DA1A00EEE199 /* ToDo */,
			);
		};
/* End PBXProject section */

/* Begin PBXResourcesBuildPhase section */
		758EAAB42B83DA1A00EEE199 /* Resources */ = {
			isa = PBXResourcesBuildPhase;
			buildActionMask = 2147483647;
			files = (
				758EAAC32B83DA1B00EEE199 /* Assets.xcassets in Resources */,
			);
			runOnlyForDeploymentPostprocessing = 0;
		};
/* End PBXResourcesBuildPhase section */

/* Begin PBXSourcesBuildPhase section */
		758EAAB22B83DA1A00EEE199 /* Sources */ = {
			isa = PBXSourcesBuildPhase;
			buildActionMask = 2147483647;
			files = (
				758EAAE02B85DC5600EEE199 /* TaskListTableViewCell.swift in Sources */,
				758EAAD92B84085900EEE199 /* TaskInputTextField.swift in Sources */,
				758EAAE42B863B4C00EEE199 /* TodoTask.swift in Sources */,
				758EAAE72B86574C00EEE199 /* TaskData.swift in Sources */,
				758EAABE2B83DA1A00EEE199 /* TaskListViewController.swift in Sources */,
				757D0D722B8BD87600DCDAA2 /* EmptyStateView.swift in Sources */,
				758EAAD52B83DBD300EEE199 /* TaskNetworkManager.swift in Sources */,
				758EAAD32B83DBC700EEE199 /* TaskViewModel.swift in Sources */,
				758EAAE22B85E46F00EEE199 /* UIView+Extensions.swift in Sources */,
				758EAAD72B8401E600EEE199 /* UITextField+Extensions.swift in Sources */,
				75D921BA2B91E33E00ECA541 /* NetworkConfiguration.swift in Sources */,
				758EAABA2B83DA1A00EEE199 /* AppDelegate.swift in Sources */,
				751131AD2B88056F005062B6 /* UIViewController + Extensions.swift in Sources */,
				758EAABC2B83DA1A00EEE199 /* SceneDelegate.swift in Sources */,
			);
			runOnlyForDeploymentPostprocessing = 0;
		};
/* End PBXSourcesBuildPhase section */

/* Begin XCBuildConfiguration section */
		758EAAC82B83DA1B00EEE199 /* Debug */ = {
			isa = XCBuildConfiguration;
			buildSettings = {
				ALWAYS_SEARCH_USER_PATHS = NO;
				ASSETCATALOG_COMPILER_GENERATE_SWIFT_ASSET_SYMBOL_EXTENSIONS = YES;
				CLANG_ANALYZER_NONNULL = YES;
				CLANG_ANALYZER_NUMBER_OBJECT_CONVERSION = YES_AGGRESSIVE;
				CLANG_CXX_LANGUAGE_STANDARD = "gnu++20";
				CLANG_ENABLE_MODULES = YES;
				CLANG_ENABLE_OBJC_ARC = YES;
				CLANG_ENABLE_OBJC_WEAK = YES;
				CLANG_WARN_BLOCK_CAPTURE_AUTORELEASING = YES;
				CLANG_WARN_BOOL_CONVERSION = YES;
				CLANG_WARN_COMMA = YES;
				CLANG_WARN_CONSTANT_CONVERSION = YES;
				CLANG_WARN_DEPRECATED_OBJC_IMPLEMENTATIONS = YES;
				CLANG_WARN_DIRECT_OBJC_ISA_USAGE = YES_ERROR;
				CLANG_WARN_DOCUMENTATION_COMMENTS = YES;
				CLANG_WARN_EMPTY_BODY = YES;
				CLANG_WARN_ENUM_CONVERSION = YES;
				CLANG_WARN_INFINITE_RECURSION = YES;
				CLANG_WARN_INT_CONVERSION = YES;
				CLANG_WARN_NON_LITERAL_NULL_CONVERSION = YES;
				CLANG_WARN_OBJC_IMPLICIT_RETAIN_SELF = YES;
				CLANG_WARN_OBJC_LITERAL_CONVERSION = YES;
				CLANG_WARN_OBJC_ROOT_CLASS = YES_ERROR;
				CLANG_WARN_QUOTED_INCLUDE_IN_FRAMEWORK_HEADER = YES;
				CLANG_WARN_RANGE_LOOP_ANALYSIS = YES;
				CLANG_WARN_STRICT_PROTOTYPES = YES;
				CLANG_WARN_SUSPICIOUS_MOVE = YES;
				CLANG_WARN_UNGUARDED_AVAILABILITY = YES_AGGRESSIVE;
				CLANG_WARN_UNREACHABLE_CODE = YES;
				CLANG_WARN__DUPLICATE_METHOD_MATCH = YES;
				COPY_PHASE_STRIP = NO;
				DEBUG_INFORMATION_FORMAT = dwarf;
				ENABLE_STRICT_OBJC_MSGSEND = YES;
				ENABLE_TESTABILITY = YES;
				ENABLE_USER_SCRIPT_SANDBOXING = YES;
				GCC_C_LANGUAGE_STANDARD = gnu17;
				GCC_DYNAMIC_NO_PIC = NO;
				GCC_NO_COMMON_BLOCKS = YES;
				GCC_OPTIMIZATION_LEVEL = 0;
				GCC_PREPROCESSOR_DEFINITIONS = (
					"DEBUG=1",
					"$(inherited)",
				);
				GCC_WARN_64_TO_32_BIT_CONVERSION = YES;
				GCC_WARN_ABOUT_RETURN_TYPE = YES_ERROR;
				GCC_WARN_UNDECLARED_SELECTOR = YES;
				GCC_WARN_UNINITIALIZED_AUTOS = YES_AGGRESSIVE;
				GCC_WARN_UNUSED_FUNCTION = YES;
				GCC_WARN_UNUSED_VARIABLE = YES;
				IPHONEOS_DEPLOYMENT_TARGET = 17.2;
				LOCALIZATION_PREFERS_STRING_CATALOGS = YES;
				MTL_ENABLE_DEBUG_INFO = INCLUDE_SOURCE;
				MTL_FAST_MATH = YES;
				ONLY_ACTIVE_ARCH = YES;
				SDKROOT = iphoneos;
				SWIFT_ACTIVE_COMPILATION_CONDITIONS = "DEBUG $(inherited)";
				SWIFT_OPTIMIZATION_LEVEL = "-Onone";
			};
			name = Debug;
		};
		758EAAC92B83DA1B00EEE199 /* Release */ = {
			isa = XCBuildConfiguration;
			buildSettings = {
				ALWAYS_SEARCH_USER_PATHS = NO;
				ASSETCATALOG_COMPILER_GENERATE_SWIFT_ASSET_SYMBOL_EXTENSIONS = YES;
				CLANG_ANALYZER_NONNULL = YES;
				CLANG_ANALYZER_NUMBER_OBJECT_CONVERSION = YES_AGGRESSIVE;
				CLANG_CXX_LANGUAGE_STANDARD = "gnu++20";
				CLANG_ENABLE_MODULES = YES;
				CLANG_ENABLE_OBJC_ARC = YES;
				CLANG_ENABLE_OBJC_WEAK = YES;
				CLANG_WARN_BLOCK_CAPTURE_AUTORELEASING = YES;
				CLANG_WARN_BOOL_CONVERSION = YES;
				CLANG_WARN_COMMA = YES;
				CLANG_WARN_CONSTANT_CONVERSION = YES;
				CLANG_WARN_DEPRECATED_OBJC_IMPLEMENTATIONS = YES;
				CLANG_WARN_DIRECT_OBJC_ISA_USAGE = YES_ERROR;
				CLANG_WARN_DOCUMENTATION_COMMENTS = YES;
				CLANG_WARN_EMPTY_BODY = YES;
				CLANG_WARN_ENUM_CONVERSION = YES;
				CLANG_WARN_INFINITE_RECURSION = YES;
				CLANG_WARN_INT_CONVERSION = YES;
				CLANG_WARN_NON_LITERAL_NULL_CONVERSION = YES;
				CLANG_WARN_OBJC_IMPLICIT_RETAIN_SELF = YES;
				CLANG_WARN_OBJC_LITERAL_CONVERSION = YES;
				CLANG_WARN_OBJC_ROOT_CLASS = YES_ERROR;
				CLANG_WARN_QUOTED_INCLUDE_IN_FRAMEWORK_HEADER = YES;
				CLANG_WARN_RANGE_LOOP_ANALYSIS = YES;
				CLANG_WARN_STRICT_PROTOTYPES = YES;
				CLANG_WARN_SUSPICIOUS_MOVE = YES;
				CLANG_WARN_UNGUARDED_AVAILABILITY = YES_AGGRESSIVE;
				CLANG_WARN_UNREACHABLE_CODE = YES;
				CLANG_WARN__DUPLICATE_METHOD_MATCH = YES;
				COPY_PHASE_STRIP = NO;
				DEBUG_INFORMATION_FORMAT = "dwarf-with-dsym";
				ENABLE_NS_ASSERTIONS = NO;
				ENABLE_STRICT_OBJC_MSGSEND = YES;
				ENABLE_USER_SCRIPT_SANDBOXING = YES;
				GCC_C_LANGUAGE_STANDARD = gnu17;
				GCC_NO_COMMON_BLOCKS = YES;
				GCC_WARN_64_TO_32_BIT_CONVERSION = YES;
				GCC_WARN_ABOUT_RETURN_TYPE = YES_ERROR;
				GCC_WARN_UNDECLARED_SELECTOR = YES;
				GCC_WARN_UNINITIALIZED_AUTOS = YES_AGGRESSIVE;
				GCC_WARN_UNUSED_FUNCTION = YES;
				GCC_WARN_UNUSED_VARIABLE = YES;
				IPHONEOS_DEPLOYMENT_TARGET = 17.2;
				LOCALIZATION_PREFERS_STRING_CATALOGS = YES;
				MTL_ENABLE_DEBUG_INFO = NO;
				MTL_FAST_MATH = YES;
				SDKROOT = iphoneos;
				SWIFT_COMPILATION_MODE = wholemodule;
				VALIDATE_PRODUCT = YES;
			};
			name = Release;
		};
		758EAACB2B83DA1B00EEE199 /* Debug */ = {
			isa = XCBuildConfiguration;
			buildSettings = {
				ASSETCATALOG_COMPILER_APPICON_NAME = AppIcon;
				ASSETCATALOG_COMPILER_GLOBAL_ACCENT_COLOR_NAME = AccentColor;
				CODE_SIGN_STYLE = Automatic;
				CURRENT_PROJECT_VERSION = 1;
				DEVELOPMENT_TEAM = 69GK54W8ZW;
				GENERATE_INFOPLIST_FILE = YES;
				INFOPLIST_FILE = ToDo/Info.plist;
				INFOPLIST_KEY_UIApplicationSupportsIndirectInputEvents = YES;
				INFOPLIST_KEY_UILaunchStoryboardName = LaunchScreen;
				INFOPLIST_KEY_UISupportedInterfaceOrientations_iPad = "UIInterfaceOrientationPortrait UIInterfaceOrientationPortraitUpsideDown UIInterfaceOrientationLandscapeLeft UIInterfaceOrientationLandscapeRight";
				INFOPLIST_KEY_UISupportedInterfaceOrientations_iPhone = "UIInterfaceOrientationPortrait UIInterfaceOrientationLandscapeLeft UIInterfaceOrientationLandscapeRight";
				LD_RUNPATH_SEARCH_PATHS = (
					"$(inherited)",
					"@executable_path/Frameworks",
				);
				MARKETING_VERSION = 1.0;
				PRODUCT_BUNDLE_IDENTIFIER = com.Void.ToDo;
				PRODUCT_NAME = "$(TARGET_NAME)";
				SWIFT_EMIT_LOC_STRINGS = YES;
				SWIFT_VERSION = 5.0;
				TARGETED_DEVICE_FAMILY = "1,2";
			};
			name = Debug;
		};
		758EAACC2B83DA1B00EEE199 /* Release */ = {
			isa = XCBuildConfiguration;
			buildSettings = {
				ASSETCATALOG_COMPILER_APPICON_NAME = AppIcon;
				ASSETCATALOG_COMPILER_GLOBAL_ACCENT_COLOR_NAME = AccentColor;
				CODE_SIGN_STYLE = Automatic;
				CURRENT_PROJECT_VERSION = 1;
				DEVELOPMENT_TEAM = 69GK54W8ZW;
				GENERATE_INFOPLIST_FILE = YES;
				INFOPLIST_FILE = ToDo/Info.plist;
				INFOPLIST_KEY_UIApplicationSupportsIndirectInputEvents = YES;
				INFOPLIST_KEY_UILaunchStoryboardName = LaunchScreen;
				INFOPLIST_KEY_UISupportedInterfaceOrientations_iPad = "UIInterfaceOrientationPortrait UIInterfaceOrientationPortraitUpsideDown UIInterfaceOrientationLandscapeLeft UIInterfaceOrientationLandscapeRight";
				INFOPLIST_KEY_UISupportedInterfaceOrientations_iPhone = "UIInterfaceOrientationPortrait UIInterfaceOrientationLandscapeLeft UIInterfaceOrientationLandscapeRight";
				LD_RUNPATH_SEARCH_PATHS = (
					"$(inherited)",
					"@executable_path/Frameworks",
				);
				MARKETING_VERSION = 1.0;
				PRODUCT_BUNDLE_IDENTIFIER = com.Void.ToDo;
				PRODUCT_NAME = "$(TARGET_NAME)";
				SWIFT_EMIT_LOC_STRINGS = YES;
				SWIFT_VERSION = 5.0;
				TARGETED_DEVICE_FAMILY = "1,2";
			};
			name = Release;
		};
/* End XCBuildConfiguration section */

/* Begin XCConfigurationList section */
		758EAAB12B83DA1A00EEE199 /* Build configuration list for PBXProject "ToDo" */ = {
			isa = XCConfigurationList;
			buildConfigurations = (
				758EAAC82B83DA1B00EEE199 /* Debug */,
				758EAAC92B83DA1B00EEE199 /* Release */,
			);
			defaultConfigurationIsVisible = 0;
			defaultConfigurationName = Release;
		};
		758EAACA2B83DA1B00EEE199 /* Build configuration list for PBXNativeTarget "ToDo" */ = {
			isa = XCConfigurationList;
			buildConfigurations = (
				758EAACB2B83DA1B00EEE199 /* Debug */,
				758EAACC2B83DA1B00EEE199 /* Release */,
			);
			defaultConfigurationIsVisible = 0;
			defaultConfigurationName = Release;
		};
/* End XCConfigurationList section */

/* Begin XCRemoteSwiftPackageReference section */
		7596C48E2B90C7AD0025A9A3 /* XCRemoteSwiftPackageReference "NetSwiftly" */ = {
			isa = XCRemoteSwiftPackageReference;
			repositoryURL = "https://github.com/WhereIsPumpkin/NetSwiftly";
			requirement = {
				branch = main;
				kind = branch;
			};
		};
/* End XCRemoteSwiftPackageReference section */

/* Begin XCSwiftPackageProductDependency section */
		7596C48F2B90C7AD0025A9A3 /* NetSwiftly */ = {
			isa = XCSwiftPackageProductDependency;
			package = 7596C48E2B90C7AD0025A9A3 /* XCRemoteSwiftPackageReference "NetSwiftly" */;
			productName = NetSwiftly;
		};
/* End XCSwiftPackageProductDependency section */
	};
	rootObject = 758EAAAE2B83DA1A00EEE199 /* Project object */;
}
